{
  "version": "1.0.0",
  "engine": "AlloyDB / PostgreSQL",
  "last_applied_migration": "0001",
  "migrations": [
    {
      "number": "0001",
      "name": "0001_create_algorithm_registry_table.sql",
      "applied_at": "2026-10-05T12:00:00Z",
      "checksum": "sha256:7f4a259d6e8b4cb396b1e6123019ab76bcde09819234e7a83d73b069fa201bce"
    }
  ]
}
